
Microsoft Visual Studio Solution File, Format Version 12.00
# Visual Studio Version 17
VisualStudioVersion = 17.0.31903.59
MinimumVisualStudioVersion = 10.0.40219.1
Project("{FAE04EC0-301F-11D3-BF4B-00C04F79EFBC}") = "ColorSpheres", "ColorSpheres\ColorSpheres.csproj", "{FE456C53-F3B5-46A7-A6CC-0A6F72CF9C0A}"
EndProject
Project("{FAE04EC0-301F-11D3-BF4B-00C04F79EFBC}") = "BetterColorSpheres", "BetterColorSpheres\BetterColorSpheres.csproj", "{A3796EA8-8276-4EB2-8688-27D550CC37BD}"
EndProject
Project("{FAE04EC0-301F-11D3-BF4B-00C04F79EFBC}") = "PlayerStats", "PlayerStats\PlayerStats.csproj", "{6462E3E8-A784-4671-A3D2-7C0F4133BF1A}"
EndProject
Global
	GlobalSection(SolutionConfigurationPlatforms) = preSolution
		Debug|Any CPU = Debug|Any CPU
		Debug|x64 = Debug|x64
		Debug|x86 = Debug|x86
		Release|Any CPU = Release|Any CPU
		Release|x64 = Release|x64
		Release|x86 = Release|x86
	EndGlobalSection
	GlobalSection(ProjectConfigurationPlatforms) = postSolution
		{FE456C53-F3B5-46A7-A6CC-0A6F72CF9C0A}.Debug|Any CPU.ActiveCfg = Debug|Any CPU
		{FE456C53-F3B5-46A7-A6CC-0A6F72CF9C0A}.Debug|Any CPU.Build.0 = Debug|Any CPU
		{FE456C53-F3B5-46A7-A6CC-0A6F72CF9C0A}.Debug|x64.ActiveCfg = Debug|Any CPU
		{FE456C53-F3B5-46A7-A6CC-0A6F72CF9C0A}.Debug|x64.Build.0 = Debug|Any CPU
		{FE456C53-F3B5-46A7-A6CC-0A6F72CF9C0A}.Debug|x86.ActiveCfg = Debug|Any CPU
		{FE456C53-F3B5-46A7-A6CC-0A6F72CF9C0A}.Debug|x86.Build.0 = Debug|Any CPU
		{FE456C53-F3B5-46A7-A6CC-0A6F72CF9C0A}.Release|Any CPU.ActiveCfg = Release|Any CPU
		{FE456C53-F3B5-46A7-A6CC-0A6F72CF9C0A}.Release|Any CPU.Build.0 = Release|Any CPU
		{FE456C53-F3B5-46A7-A6CC-0A6F72CF9C0A}.Release|x64.ActiveCfg = Release|Any CPU
		{FE456C53-F3B5-46A7-A6CC-0A6F72CF9C0A}.Release|x64.Build.0 = Release|Any CPU
		{FE456C53-F3B5-46A7-A6CC-0A6F72CF9C0A}.Release|x86.ActiveCfg = Release|Any CPU
		{FE456C53-F3B5-46A7-A6CC-0A6F72CF9C0A}.Release|x86.Build.0 = Release|Any CPU
		{A3796EA8-8276-4EB2-8688-27D550CC37BD}.Debug|Any CPU.ActiveCfg = Debug|Any CPU
		{A3796EA8-8276-4EB2-8688-27D550CC37BD}.Debug|Any CPU.Build.0 = Debug|Any CPU
		{A3796EA8-8276-4EB2-8688-27D550CC37BD}.Debug|x64.ActiveCfg = Debug|Any CPU
		{A3796EA8-8276-4EB2-8688-27D550CC37BD}.Debug|x64.Build.0 = Debug|Any CPU
		{A3796EA8-8276-4EB2-8688-27D550CC37BD}.Debug|x86.ActiveCfg = Debug|Any CPU
		{A3796EA8-8276-4EB2-8688-27D550CC37BD}.Debug|x86.Build.0 = Debug|Any CPU
		{A3796EA8-8276-4EB2-8688-27D550CC37BD}.Release|Any CPU.ActiveCfg = Release|Any CPU
		{A3796EA8-8276-4EB2-8688-27D550CC37BD}.Release|Any CPU.Build.0 = Release|Any CPU
		{A3796EA8-8276-4EB2-8688-27D550CC37BD}.Release|x64.ActiveCfg = Release|Any CPU
		{A3796EA8-8276-4EB2-8688-27D550CC37BD}.Release|x64.Build.0 = Release|Any CPU
		{A3796EA8-8276-4EB2-8688-27D550CC37BD}.Release|x86.ActiveCfg = Release|Any CPU
		{A3796EA8-8276-4EB2-8688-27D550CC37BD}.Release|x86.Build.0 = Release|Any CPU
		{6462E3E8-A784-4671-A3D2-7C0F4133BF1A}.Debug|Any CPU.ActiveCfg = Debug|Any CPU
		{6462E3E8-A784-4671-A3D2-7C0F4133BF1A}.Debug|Any CPU.Build.0 = Debug|Any CPU
		{6462E3E8-A784-4671-A3D2-7C0F4133BF1A}.Debug|x64.ActiveCfg = Debug|Any CPU
		{6462E3E8-A784-4671-A3D2-7C0F4133BF1A}.Debug|x64.Build.0 = Debug|Any CPU
		{6462E3E8-A784-4671-A3D2-7C0F4133BF1A}.Debug|x86.ActiveCfg = Debug|Any CPU
		{6462E3E8-A784-4671-A3D2-7C0F4133BF1A}.Debug|x86.Build.0 = Debug|Any CPU
		{6462E3E8-A784-4671-A3D2-7C0F4133BF1A}.Release|Any CPU.ActiveCfg = Release|Any CPU
		{6462E3E8-A784-4671-A3D2-7C0F4133BF1A}.Release|Any CPU.Build.0 = Release|Any CPU
		{6462E3E8-A784-4671-A3D2-7C0F4133BF1A}.Release|x64.ActiveCfg = Release|Any CPU
		{6462E3E8-A784-4671-A3D2-7C0F4133BF1A}.Release|x64.Build.0 = Release|Any CPU
		{6462E3E8-A784-4671-A3D2-7C0F4133BF1A}.Release|x86.ActiveCfg = Release|Any CPU
		{6462E3E8-A784-4671-A3D2-7C0F4133BF1A}.Release|x86.Build.0 = Release|Any CPU
	EndGlobalSection
	GlobalSection(SolutionProperties) = preSolution
		HideSolutionNode = FALSE
	EndGlobalSection
EndGlobal
